
Microsoft Visual Studio Solution File, Format Version 12.00
# Visual Studio Version 16
VisualStudioVersion = 16.0.36324.18
MinimumVisualStudioVersion = 10.0.40219.1
Project("{FAE04EC0-301F-11D3-BF4B-00C04F79EFBC}") = "ModeloSeguridad", "ModeloSeguridad\ModeloSeguridad.csproj", "{E4CB8281-572B-4E79-8BD3-482DB2002AFF}"
EndProject
Global
	GlobalSection(SolutionConfigurationPlatforms) = preSolution
		Debug|Any CPU = Debug|Any CPU
		Release|Any CPU = Release|Any CPU
	EndGlobalSection
	GlobalSection(ProjectConfigurationPlatforms) = postSolution
		{E4CB8281-572B-4E79-8BD3-482DB2002AFF}.Debug|Any CPU.ActiveCfg = Debug|Any CPU
		{E4CB8281-572B-4E79-8BD3-482DB2002AFF}.Debug|Any CPU.Build.0 = Debug|Any CPU
		{E4CB8281-572B-4E79-8BD3-482DB2002AFF}.Release|Any CPU.ActiveCfg = Release|Any CPU
		{E4CB8281-572B-4E79-8BD3-482DB2002AFF}.Release|Any CPU.Build.0 = Release|Any CPU
	EndGlobalSection
	GlobalSection(SolutionProperties) = preSolution
		HideSolutionNode = FALSE
	EndGlobalSection
	GlobalSection(ExtensibilityGlobals) = postSolution
		SolutionGuid = {EFB74C33-F0F8-4503-9843-A0DE25E8E9B1}
	EndGlobalSection
EndGlobal
